// !$*UTF8*$!
{
	archiveVersion = 1;
	classes = {
	};
	objectVersion = 50;
	objects = {

/* Begin PBXBuildFile section */
		506FD10A20B54A9E00D11344 /* FeedViewController.swift in Sources */ = {isa = PBXBuildFile; fileRef = 506FD10920B54A9E00D11344 /* FeedViewController.swift */; };
		506FD10D20B55BC700D11344 /* Feeds.xcdatamodeld in Sources */ = {isa = PBXBuildFile; fileRef = 506FD10B20B55BC700D11344 /* Feeds.xcdatamodeld */; };
		506FD10F20B55BFB00D11344 /* DataController.swift in Sources */ = {isa = PBXBuildFile; fileRef = 506FD10E20B55BFB00D11344 /* DataController.swift */; };
		506FD11120B5637A00D11344 /* Feed+Extensions.swift in Sources */ = {isa = PBXBuildFile; fileRef = 506FD11020B5637A00D11344 /* Feed+Extensions.swift */; };
		506FD11320B5667100D11344 /* FavoriteNewsTableViewController.swift in Sources */ = {isa = PBXBuildFile; fileRef = 506FD11220B5667100D11344 /* FavoriteNewsTableViewController.swift */; };
		50CC50DC20944FDF00D760DB /* AppDelegate.swift in Sources */ = {isa = PBXBuildFile; fileRef = 50CC50DB20944FDF00D760DB /* AppDelegate.swift */; };
		50CC50DE20944FDF00D760DB /* RSSTableViewController.swift in Sources */ = {isa = PBXBuildFile; fileRef = 50CC50DD20944FDF00D760DB /* RSSTableViewController.swift */; };
		50CC50E120944FDF00D760DB /* Main.storyboard in Resources */ = {isa = PBXBuildFile; fileRef = 50CC50DF20944FDF00D760DB /* Main.storyboard */; };
		50CC50E320944FE000D760DB /* Assets.xcassets in Resources */ = {isa = PBXBuildFile; fileRef = 50CC50E220944FE000D760DB /* Assets.xcassets */; };
		50CC50E620944FE000D760DB /* LaunchScreen.storyboard in Resources */ = {isa = PBXBuildFile; fileRef = 50CC50E420944FE000D760DB /* LaunchScreen.storyboard */; };
		50CC50F02094581600D760DB /* RSSElement.swift in Sources */ = {isa = PBXBuildFile; fileRef = 50CC50EF2094581600D760DB /* RSSElement.swift */; };
/* End PBXBuildFile section */

/* Begin PBXFileReference section */
		506FD10920B54A9E00D11344 /* FeedViewController.swift */ = {isa = PBXFileReference; lastKnownFileType = sourcecode.swift; path = FeedViewController.swift; sourceTree = "<group>"; };
		506FD10C20B55BC700D11344 /* Feeds.xcdatamodel */ = {isa = PBXFileReference; lastKnownFileType = wrapper.xcdatamodel; path = Feeds.xcdatamodel; sourceTree = "<group>"; };
		506FD10E20B55BFB00D11344 /* DataController.swift */ = {isa = PBXFileReference; lastKnownFileType = sourcecode.swift; path = DataController.swift; sourceTree = "<group>"; };
		506FD11020B5637A00D11344 /* Feed+Extensions.swift */ = {isa = PBXFileReference; lastKnownFileType = sourcecode.swift; path = "Feed+Extensions.swift"; sourceTree = "<group>"; };
		506FD11220B5667100D11344 /* FavoriteNewsTableViewController.swift */ = {isa = PBXFileReference; lastKnownFileType = sourcecode.swift; path = FavoriteNewsTableViewController.swift; sourceTree = "<group>"; };
		50CC50D820944FDF00D760DB /* RSS Reader.app */ = {isa = PBXFileReference; explicitFileType = wrapper.application; includeInIndex = 0; path = "RSS Reader.app"; sourceTree = BUILT_PRODUCTS_DIR; };
		50CC50DB20944FDF00D760DB /* AppDelegate.swift */ = {isa = PBXFileReference; lastKnownFileType = sourcecode.swift; path = AppDelegate.swift; sourceTree = "<group>"; };
		50CC50DD20944FDF00D760DB /* RSSTableViewController.swift */ = {isa = PBXFileReference; lastKnownFileType = sourcecode.swift; path = RSSTableViewController.swift; sourceTree = "<group>"; };
		50CC50E020944FDF00D760DB /* Base */ = {isa = PBXFileReference; lastKnownFileType = file.storyboard; name = Base; path = Base.lproj/Main.storyboard; sourceTree = "<group>"; };
		50CC50E220944FE000D760DB /* Assets.xcassets */ = {isa = PBXFileReference; lastKnownFileType = folder.assetcatalog; path = Assets.xcassets; sourceTree = "<group>"; };
		50CC50E520944FE000D760DB /* Base */ = {isa = PBXFileReference; lastKnownFileType = file.storyboard; name = Base; path = Base.lproj/LaunchScreen.storyboard; sourceTree = "<group>"; };
		50CC50E720944FE000D760DB /* Info.plist */ = {isa = PBXFileReference; lastKnownFileType = text.plist.xml; path = Info.plist; sourceTree = "<group>"; };
		50CC50EF2094581600D760DB /* RSSElement.swift */ = {isa = PBXFileReference; lastKnownFileType = sourcecode.swift; path = RSSElement.swift; sourceTree = "<group>"; };
/* End PBXFileReference section */

/* Begin PBXFrameworksBuildPhase section */
		50CC50D520944FDF00D760DB /* Frameworks */ = {
			isa = PBXFrameworksBuildPhase;
			buildActionMask = 2147483647;
			files = (
			);
			runOnlyForDeploymentPostprocessing = 0;
		};
/* End PBXFrameworksBuildPhase section */

/* Begin PBXGroup section */
		50CC50CF20944FDF00D760DB = {
			isa = PBXGroup;
			children = (
				50CC50DA20944FDF00D760DB /* RSS Reader */,
				50CC50D920944FDF00D760DB /* Products */,
			);
			sourceTree = "<group>";
		};
		50CC50D920944FDF00D760DB /* Products */ = {
			isa = PBXGroup;
			children = (
				50CC50D820944FDF00D760DB /* RSS Reader.app */,
			);
			name = Products;
			sourceTree = "<group>";
		};
		50CC50DA20944FDF00D760DB /* RSS Reader */ = {
			isa = PBXGroup;
			children = (
				50CC50DB20944FDF00D760DB /* AppDelegate.swift */,
				50CC50DD20944FDF00D760DB /* RSSTableViewController.swift */,
				50CC50EF2094581600D760DB /* RSSElement.swift */,
				506FD10920B54A9E00D11344 /* FeedViewController.swift */,
				506FD11220B5667100D11344 /* FavoriteNewsTableViewController.swift */,
				506FD11020B5637A00D11344 /* Feed+Extensions.swift */,
				506FD10E20B55BFB00D11344 /* DataController.swift */,
				506FD10B20B55BC700D11344 /* Feeds.xcdatamodeld */,
				50CC50DF20944FDF00D760DB /* Main.storyboard */,
				50CC50E220944FE000D760DB /* Assets.xcassets */,
				50CC50E420944FE000D760DB /* LaunchScreen.storyboard */,
				50CC50E720944FE000D760DB /* Info.plist */,
			);
			path = "RSS Reader";
			sourceTree = "<group>";
		};
/* End PBXGroup section */

/* Begin PBXNativeTarget section */
		50CC50D720944FDF00D760DB /* RSS Reader */ = {
			isa = PBXNativeTarget;
			buildConfigurationList = 50CC50EA20944FE000D760DB /* Build configuration list for PBXNativeTarget "RSS Reader" */;
			buildPhases = (
				50CC50D420944FDF00D760DB /* Sources */,
				50CC50D520944FDF00D760DB /* Frameworks */,
				50CC50D620944FDF00D760DB /* Resources */,
			);
			buildRules = (
			);
			dependencies = (
			);
			name = "RSS Reader";
			productName = "RSS Reader";
			productReference = 50CC50D820944FDF00D760DB /* RSS Reader.app */;
			productType = "com.apple.product-type.application";
		};
/* End PBXNativeTarget section */

/* Begin PBXProject section */
		50CC50D020944FDF00D760DB /* Project object */ = {
			isa = PBXProject;
			attributes = {
				LastSwiftUpdateCheck = 0930;
				LastUpgradeCheck = 0930;
				ORGANIZATIONNAME = "Tim Song";
				TargetAttributes = {
					50CC50D720944FDF00D760DB = {
						CreatedOnToolsVersion = 9.3;
					};
				};
			};
			buildConfigurationList = 50CC50D320944FDF00D760DB /* Build configuration list for PBXProject "RSS Reader" */;
			compatibilityVersion = "Xcode 9.3";
			developmentRegion = en;
			hasScannedForEncodings = 0;
			knownRegions = (
				en,
				Base,
			);
			mainGroup = 50CC50CF20944FDF00D760DB;
			productRefGroup = 50CC50D920944FDF00D760DB /* Products */;
			projectDirPath = "";
			projectRoot = "";
			targets = (
				50CC50D720944FDF00D760DB /* RSS Reader */,
			);
		};
/* End PBXProject section */

/* Begin PBXResourcesBuildPhase section */
		50CC50D620944FDF00D760DB /* Resources */ = {
			isa = PBXResourcesBuildPhase;
			buildActionMask = 2147483647;
			files = (
				50CC50E620944FE000D760DB /* LaunchScreen.storyboard in Resources */,
				50CC50E320944FE000D760DB /* Assets.xcassets in Resources */,
				50CC50E120944FDF00D760DB /* Main.storyboard in Resources */,
			);
			runOnlyForDeploymentPostprocessing = 0;
		};
/* End PBXResourcesBuildPhase section */

/* Begin PBXSourcesBuildPhase section */
		50CC50D420944FDF00D760DB /* Sources */ = {
			isa = PBXSourcesBuildPhase;
			buildActionMask = 2147483647;
			files = (
				506FD11120B5637A00D11344 /* Feed+Extensions.swift in Sources */,
				50CC50DE20944FDF00D760DB /* RSSTableViewController.swift in Sources */,
				506FD10F20B55BFB00D11344 /* DataController.swift in Sources */,
				50CC50F02094581600D760DB /* RSSElement.swift in Sources */,
				506FD11320B5667100D11344 /* FavoriteNewsTableViewController.swift in Sources */,
				506FD10D20B55BC700D11344 /* Feeds.xcdatamodeld in Sources */,
				506FD10A20B54A9E00D11344 /* FeedViewController.swift in Sources */,
				50CC50DC20944FDF00D760DB /* AppDelegate.swift in Sources */,
			);
			runOnlyForDeploymentPostprocessing = 0;
		};
/* End PBXSourcesBuildPhase section */

/* Begin PBXVariantGroup section */
		50CC50DF20944FDF00D760DB /* Main.storyboard */ = {
			isa = PBXVariantGroup;
			children = (
				50CC50E020944FDF00D760DB /* Base */,
			);
			name = Main.storyboard;
			sourceTree = "<group>";
		};
		50CC50E420944FE000D760DB /* LaunchScreen.storyboard */ = {
			isa = PBXVariantGroup;
			children = (
				50CC50E520944FE000D760DB /* Base */,
			);
			name = LaunchScreen.storyboard;
			sourceTree = "<group>";
		};
/* End PBXVariantGroup section */

/* Begin XCBuildConfiguration section */
		50CC50E820944FE000D760DB /* Debug */ = {
			isa = XCBuildConfiguration;
			buildSettings = {
				ALWAYS_SEARCH_USER_PATHS = NO;
				CLANG_ANALYZER_NONNULL = YES;
				CLANG_ANALYZER_NUMBER_OBJECT_CONVERSION = YES_AGGRESSIVE;
				CLANG_CXX_LANGUAGE_STANDARD = "gnu++14";
				CLANG_CXX_LIBRARY = "libc++";
				CLANG_ENABLE_MODULES = YES;
				CLANG_ENABLE_OBJC_ARC = YES;
				CLANG_ENABLE_OBJC_WEAK = YES;
				CLANG_WARN_BLOCK_CAPTURE_AUTORELEASING = YES;
				CLANG_WARN_BOOL_CONVERSION = YES;
				CLANG_WARN_COMMA = YES;
				CLANG_WARN_CONSTANT_CONVERSION = YES;
				CLANG_WARN_DEPRECATED_OBJC_IMPLEMENTATIONS = YES;
				CLANG_WARN_DIRECT_OBJC_ISA_USAGE = YES_ERROR;
				CLANG_WARN_DOCUMENTATION_COMMENTS = YES;
				CLANG_WARN_EMPTY_BODY = YES;
				CLANG_WARN_ENUM_CONVERSION = YES;
				CLANG_WARN_INFINITE_RECURSION = YES;
				CLANG_WARN_INT_CONVERSION = YES;
				CLANG_WARN_NON_LITERAL_NULL_CONVERSION = YES;
				CLANG_WARN_OBJC_IMPLICIT_RETAIN_SELF = YES;
				CLANG_WARN_OBJC_LITERAL_CONVERSION = YES;
				CLANG_WARN_OBJC_ROOT_CLASS = YES_ERROR;
				CLANG_WARN_RANGE_LOOP_ANALYSIS = YES;
				CLANG_WARN_STRICT_PROTOTYPES = YES;
				CLANG_WARN_SUSPICIOUS_MOVE = YES;
				CLANG_WARN_UNGUARDED_AVAILABILITY = YES_AGGRESSIVE;
				CLANG_WARN_UNREACHABLE_CODE = YES;
				CLANG_WARN__DUPLICATE_METHOD_MATCH = YES;
				CODE_SIGN_IDENTITY = "iPhone Developer";
				COPY_PHASE_STRIP = NO;
				DEBUG_INFORMATION_FORMAT = dwarf;
				ENABLE_STRICT_OBJC_MSGSEND = YES;
				ENABLE_TESTABILITY = YES;
				GCC_C_LANGUAGE_STANDARD = gnu11;
				GCC_DYNAMIC_NO_PIC = NO;
				GCC_NO_COMMON_BLOCKS = YES;
				GCC_OPTIMIZATION_LEVEL = 0;
				GCC_PREPROCESSOR_DEFINITIONS = (
					"DEBUG=1",
					"$(inherited)",
				);
				GCC_WARN_64_TO_32_BIT_CONVERSION = YES;
				GCC_WARN_ABOUT_RETURN_TYPE = YES_ERROR;
				GCC_WARN_UNDECLARED_SELECTOR = YES;
				GCC_WARN_UNINITIALIZED_AUTOS = YES_AGGRESSIVE;
				GCC_WARN_UNUSED_FUNCTION = YES;
				GCC_WARN_UNUSED_VARIABLE = YES;
				IPHONEOS_DEPLOYMENT_TARGET = 11.3;
				MTL_ENABLE_DEBUG_INFO = YES;
				ONLY_ACTIVE_ARCH = YES;
				SDKROOT = iphoneos;
				SWIFT_ACTIVE_COMPILATION_CONDITIONS = DEBUG;
				SWIFT_OPTIMIZATION_LEVEL = "-Onone";
			};
			name = Debug;
		};
		50CC50E920944FE000D760DB /* Release */ = {
			isa = XCBuildConfiguration;
			buildSettings = {
				ALWAYS_SEARCH_USER_PATHS = NO;
				CLANG_ANALYZER_NONNULL = YES;
				CLANG_ANALYZER_NUMBER_OBJECT_CONVERSION = YES_AGGRESSIVE;
				CLANG_CXX_LANGUAGE_STANDARD = "gnu++14";
				CLANG_CXX_LIBRARY = "libc++";
				CLANG_ENABLE_MODULES = YES;
				CLANG_ENABLE_OBJC_ARC = YES;
				CLANG_ENABLE_OBJC_WEAK = YES;
				CLANG_WARN_BLOCK_CAPTURE_AUTORELEASING = YES;
				CLANG_WARN_BOOL_CONVERSION = YES;
				CLANG_WARN_COMMA = YES;
				CLANG_WARN_CONSTANT_CONVERSION = YES;
				CLANG_WARN_DEPRECATED_OBJC_IMPLEMENTATIONS = YES;
				CLANG_WARN_DIRECT_OBJC_ISA_USAGE = YES_ERROR;
				CLANG_WARN_DOCUMENTATION_COMMENTS = YES;
				CLANG_WARN_EMPTY_BODY = YES;
				CLANG_WARN_ENUM_CONVERSION = YES;
				CLANG_WARN_INFINITE_RECURSION = YES;
				CLANG_WARN_INT_CONVERSION = YES;
				CLANG_WARN_NON_LITERAL_NULL_CONVERSION = YES;
				CLANG_WARN_OBJC_IMPLICIT_RETAIN_SELF = YES;
				CLANG_WARN_OBJC_LITERAL_CONVERSION = YES;
				CLANG_WARN_OBJC_ROOT_CLASS = YES_ERROR;
				CLANG_WARN_RANGE_LOOP_ANALYSIS = YES;
				CLANG_WARN_STRICT_PROTOTYPES = YES;
				CLANG_WARN_SUSPICIOUS_MOVE = YES;
				CLANG_WARN_UNGUARDED_AVAILABILITY = YES_AGGRESSIVE;
				CLANG_WARN_UNREACHABLE_CODE = YES;
				CLANG_WARN__DUPLICATE_METHOD_MATCH = YES;
				CODE_SIGN_IDENTITY = "iPhone Developer";
				COPY_PHASE_STRIP = NO;
				DEBUG_INFORMATION_FORMAT = "dwarf-with-dsym";
				ENABLE_NS_ASSERTIONS = NO;
				ENABLE_STRICT_OBJC_MSGSEND = YES;
				GCC_C_LANGUAGE_STANDARD = gnu11;
				GCC_NO_COMMON_BLOCKS = YES;
				GCC_WARN_64_TO_32_BIT_CONVERSION = YES;
				GCC_WARN_ABOUT_RETURN_TYPE = YES_ERROR;
				GCC_WARN_UNDECLARED_SELECTOR = YES;
				GCC_WARN_UNINITIALIZED_AUTOS = YES_AGGRESSIVE;
				GCC_WARN_UNUSED_FUNCTION = YES;
				GCC_WARN_UNUSED_VARIABLE = YES;
				IPHONEOS_DEPLOYMENT_TARGET = 11.3;
				MTL_ENABLE_DEBUG_INFO = NO;
				SDKROOT = iphoneos;
				SWIFT_COMPILATION_MODE = wholemodule;
				SWIFT_OPTIMIZATION_LEVEL = "-O";
				VALIDATE_PRODUCT = YES;
			};
			name = Release;
		};
		50CC50EB20944FE000D760DB /* Debug */ = {
			isa = XCBuildConfiguration;
			buildSettings = {
				ASSETCATALOG_COMPILER_APPICON_NAME = AppIcon;
				CODE_SIGN_STYLE = Automatic;
				DEVELOPMENT_TEAM = E2447D2CLX;
				INFOPLIST_FILE = "RSS Reader/Info.plist";
				LD_RUNPATH_SEARCH_PATHS = (
					"$(inherited)",
					"@executable_path/Frameworks",
				);
				PRODUCT_BUNDLE_IDENTIFIER = "com.timsongcoder.RSS-Reader";
				PRODUCT_NAME = "$(TARGET_NAME)";
				SWIFT_VERSION = 4.0;
				TARGETED_DEVICE_FAMILY = "1,2";
			};
			name = Debug;
		};
		50CC50EC20944FE000D760DB /* Release */ = {
			isa = XCBuildConfiguration;
			buildSettings = {
				ASSETCATALOG_COMPILER_APPICON_NAME = AppIcon;
				CODE_SIGN_STYLE = Automatic;
				DEVELOPMENT_TEAM = E2447D2CLX;
				INFOPLIST_FILE = "RSS Reader/Info.plist";
				LD_RUNPATH_SEARCH_PATHS = (
					"$(inherited)",
					"@executable_path/Frameworks",
				);
				PRODUCT_BUNDLE_IDENTIFIER = "com.timsongcoder.RSS-Reader";
				PRODUCT_NAME = "$(TARGET_NAME)";
				SWIFT_VERSION = 4.0;
				TARGETED_DEVICE_FAMILY = "1,2";
			};
			name = Release;
		};
/* End XCBuildConfiguration section */

/* Begin XCConfigurationList section */
		50CC50D320944FDF00D760DB /* Build configuration list for PBXProject "RSS Reader" */ = {
			isa = XCConfigurationList;
			buildConfigurations = (
				50CC50E820944FE000D760DB /* Debug */,
				50CC50E920944FE000D760DB /* Release */,
			);
			defaultConfigurationIsVisible = 0;
			defaultConfigurationName = Release;
		};
		50CC50EA20944FE000D760DB /* Build configuration list for PBXNativeTarget "RSS Reader" */ = {
			isa = XCConfigurationList;
			buildConfigurations = (
				50CC50EB20944FE000D760DB /* Debug */,
				50CC50EC20944FE000D760DB /* Release */,
			);
			defaultConfigurationIsVisible = 0;
			defaultConfigurationName = Release;
		};
/* End XCConfigurationList section */

/* Begin XCVersionGroup section */
		506FD10B20B55BC700D11344 /* Feeds.xcdatamodeld */ = {
			isa = XCVersionGroup;
			children = (
				506FD10C20B55BC700D11344 /* Feeds.xcdatamodel */,
			);
			currentVersion = 506FD10C20B55BC700D11344 /* Feeds.xcdatamodel */;
			path = Feeds.xcdatamodeld;
			sourceTree = "<group>";
			versionGroupType = wrapper.xcdatamodel;
		};
/* End XCVersionGroup section */
	};
	rootObject = 50CC50D020944FDF00D760DB /* Project object */;
}
